
Microsoft Visual Studio Solution File, Format Version 12.00
# Visual Studio Version 17
VisualStudioVersion = 17.0.31903.59
MinimumVisualStudioVersion = 10.0.40219.1
Project("{00D1A9C2-B5F0-4AF3-8072-F6C62B433612}") = "FileSystem.Database", "FileSystem.Database\FileSystem.Database.sqlproj", "{17E60E8B-9071-42CB-B525-6F3989632F36}"
EndProject
Project("{9A19103F-16F7-4668-BE54-9A1E7A4F7556}") = "FileSystem.API", "FileSystem.API\FileSystem.API.csproj", "{B0B742DA-D4F8-4A27-A4D3-A3906A955820}"
EndProject
Project("{FAE04EC0-301F-11D3-BF4B-00C04F79EFBC}") = "FileSystem.Domain", "FileSystem.Domain\FileSystem.Domain.csproj", "{3CD5C7D8-7EE4-439B-A62D-297C1711AD8A}"
EndProject
Project("{FAE04EC0-301F-11D3-BF4B-00C04F79EFBC}") = "FileSystem.Application", "FileSystem.Application\FileSystem.Application.csproj", "{7A7A6FC5-C5DA-4B8A-92E9-AC4792C08AB5}"
EndProject
Project("{FAE04EC0-301F-11D3-BF4B-00C04F79EFBC}") = "FileSystem.Infrastructure", "FileSystem.Infrastructure\FileSystem.Infrastructure.csproj", "{32025CBD-8A92-44E7-A022-F54ECD623B4F}"
EndProject
Global
	GlobalSection(SolutionConfigurationPlatforms) = preSolution
		Debug|Any CPU = Debug|Any CPU
		Release|Any CPU = Release|Any CPU
	EndGlobalSection
	GlobalSection(ProjectConfigurationPlatforms) = postSolution
		{17E60E8B-9071-42CB-B525-6F3989632F36}.Debug|Any CPU.ActiveCfg = Debug|Any CPU
		{17E60E8B-9071-42CB-B525-6F3989632F36}.Debug|Any CPU.Build.0 = Debug|Any CPU
		{17E60E8B-9071-42CB-B525-6F3989632F36}.Debug|Any CPU.Deploy.0 = Debug|Any CPU
		{17E60E8B-9071-42CB-B525-6F3989632F36}.Release|Any CPU.ActiveCfg = Release|Any CPU
		{17E60E8B-9071-42CB-B525-6F3989632F36}.Release|Any CPU.Build.0 = Release|Any CPU
		{17E60E8B-9071-42CB-B525-6F3989632F36}.Release|Any CPU.Deploy.0 = Release|Any CPU
		{B0B742DA-D4F8-4A27-A4D3-A3906A955820}.Debug|Any CPU.ActiveCfg = Debug|Any CPU
		{B0B742DA-D4F8-4A27-A4D3-A3906A955820}.Debug|Any CPU.Build.0 = Debug|Any CPU
		{B0B742DA-D4F8-4A27-A4D3-A3906A955820}.Release|Any CPU.ActiveCfg = Release|Any CPU
		{B0B742DA-D4F8-4A27-A4D3-A3906A955820}.Release|Any CPU.Build.0 = Release|Any CPU
		{3CD5C7D8-7EE4-439B-A62D-297C1711AD8A}.Debug|Any CPU.ActiveCfg = Debug|Any CPU
		{3CD5C7D8-7EE4-439B-A62D-297C1711AD8A}.Debug|Any CPU.Build.0 = Debug|Any CPU
		{3CD5C7D8-7EE4-439B-A62D-297C1711AD8A}.Release|Any CPU.ActiveCfg = Release|Any CPU
		{3CD5C7D8-7EE4-439B-A62D-297C1711AD8A}.Release|Any CPU.Build.0 = Release|Any CPU
		{7A7A6FC5-C5DA-4B8A-92E9-AC4792C08AB5}.Debug|Any CPU.ActiveCfg = Debug|Any CPU
		{7A7A6FC5-C5DA-4B8A-92E9-AC4792C08AB5}.Debug|Any CPU.Build.0 = Debug|Any CPU
		{7A7A6FC5-C5DA-4B8A-92E9-AC4792C08AB5}.Release|Any CPU.ActiveCfg = Release|Any CPU
		{7A7A6FC5-C5DA-4B8A-92E9-AC4792C08AB5}.Release|Any CPU.Build.0 = Release|Any CPU
		{32025CBD-8A92-44E7-A022-F54ECD623B4F}.Debug|Any CPU.ActiveCfg = Debug|Any CPU
		{32025CBD-8A92-44E7-A022-F54ECD623B4F}.Debug|Any CPU.Build.0 = Debug|Any CPU
		{32025CBD-8A92-44E7-A022-F54ECD623B4F}.Release|Any CPU.ActiveCfg = Release|Any CPU
		{32025CBD-8A92-44E7-A022-F54ECD623B4F}.Release|Any CPU.Build.0 = Release|Any CPU
	EndGlobalSection
	GlobalSection(SolutionProperties) = preSolution
		HideSolutionNode = FALSE
	EndGlobalSection
	GlobalSection(ExtensibilityGlobals) = postSolution
		SolutionGuid = {9830E493-6342-49DC-B197-71BEB6E7EDFE}
	EndGlobalSection
EndGlobal
