
Microsoft Visual Studio Solution File, Format Version 12.00
# Visual Studio Version 17
VisualStudioVersion = 17.0.31903.59
MinimumVisualStudioVersion = 10.0.40219.1
Project("{00D1A9C2-B5F0-4AF3-8072-F6C62B433612}") = "FileSystem.Database", "FileSystem.Database\FileSystem.Database.sqlproj", "{17E60E8B-9071-42CB-B525-6F3989632F36}"
EndProject
Global
	GlobalSection(SolutionConfigurationPlatforms) = preSolution
		Debug|Any CPU = Debug|Any CPU
		Release|Any CPU = Release|Any CPU
	EndGlobalSection
	GlobalSection(ProjectConfigurationPlatforms) = postSolution
		{17E60E8B-9071-42CB-B525-6F3989632F36}.Debug|Any CPU.ActiveCfg = Debug|Any CPU
		{17E60E8B-9071-42CB-B525-6F3989632F36}.Debug|Any CPU.Build.0 = Debug|Any CPU
		{17E60E8B-9071-42CB-B525-6F3989632F36}.Debug|Any CPU.Deploy.0 = Debug|Any CPU
		{17E60E8B-9071-42CB-B525-6F3989632F36}.Release|Any CPU.ActiveCfg = Release|Any CPU
		{17E60E8B-9071-42CB-B525-6F3989632F36}.Release|Any CPU.Build.0 = Release|Any CPU
		{17E60E8B-9071-42CB-B525-6F3989632F36}.Release|Any CPU.Deploy.0 = Release|Any CPU
	EndGlobalSection
	GlobalSection(SolutionProperties) = preSolution
		HideSolutionNode = FALSE
	EndGlobalSection
	GlobalSection(ExtensibilityGlobals) = postSolution
		SolutionGuid = {9830E493-6342-49DC-B197-71BEB6E7EDFE}
	EndGlobalSection
EndGlobal
